// !$*UTF8*$!
{
	archiveVersion = 1;
	classes = {
	};
	objectVersion = 48;
	objects = {

/* Begin PBXBuildFile section */
		76C42B53BC43B17612525D3E /* Pods_hana_qt_ios.framework in Frameworks */ = {isa = PBXBuildFile; fileRef = 617CC7FA4BD0CFC316D04CAF /* Pods_hana_qt_ios.framework */; };
		7B5F634C7EC2FA4C00C1A577 /* Pods_hana_qt_iosTests.framework in Frameworks */ = {isa = PBXBuildFile; fileRef = A084244F483CCFE674CF42F2 /* Pods_hana_qt_iosTests.framework */; };
		B84D5302B57BA8C1C28812C8 /* Pods_hana_qt_iosUITests.framework in Frameworks */ = {isa = PBXBuildFile; fileRef = 4194C53AC57B1E74160740A7 /* Pods_hana_qt_iosUITests.framework */; };
		C16D21001FD4D49400BBCC3B /* AppDelegate.swift in Sources */ = {isa = PBXBuildFile; fileRef = C16D20FF1FD4D49400BBCC3B /* AppDelegate.swift */; };
		C16D21021FD4D49400BBCC3B /* ViewController.swift in Sources */ = {isa = PBXBuildFile; fileRef = C16D21011FD4D49400BBCC3B /* ViewController.swift */; };
		C16D21051FD4D49400BBCC3B /* Main.storyboard in Resources */ = {isa = PBXBuildFile; fileRef = C16D21031FD4D49400BBCC3B /* Main.storyboard */; };
		C16D21071FD4D49400BBCC3B /* Assets.xcassets in Resources */ = {isa = PBXBuildFile; fileRef = C16D21061FD4D49400BBCC3B /* Assets.xcassets */; };
		C16D210A1FD4D49400BBCC3B /* LaunchScreen.storyboard in Resources */ = {isa = PBXBuildFile; fileRef = C16D21081FD4D49400BBCC3B /* LaunchScreen.storyboard */; };
		C16D21151FD4D49400BBCC3B /* hana_qt_iosTests.swift in Sources */ = {isa = PBXBuildFile; fileRef = C16D21141FD4D49400BBCC3B /* hana_qt_iosTests.swift */; };
		C16D21201FD4D49400BBCC3B /* hana_qt_iosUITests.swift in Sources */ = {isa = PBXBuildFile; fileRef = C16D211F1FD4D49400BBCC3B /* hana_qt_iosUITests.swift */; };
		C1929A541FD4F3B20075B36A /* HanaPagerViewController.swift in Sources */ = {isa = PBXBuildFile; fileRef = C1929A531FD4F3B20075B36A /* HanaPagerViewController.swift */; };
		C1929A571FD50E2E0075B36A /* UIColor+Custom.swift in Sources */ = {isa = PBXBuildFile; fileRef = C1929A561FD50E2E0075B36A /* UIColor+Custom.swift */; };
/* End PBXBuildFile section */

/* Begin PBXContainerItemProxy section */
		C16D21111FD4D49400BBCC3B /* PBXContainerItemProxy */ = {
			isa = PBXContainerItemProxy;
			containerPortal = C16D20F41FD4D49400BBCC3B /* Project object */;
			proxyType = 1;
			remoteGlobalIDString = C16D20FB1FD4D49400BBCC3B;
			remoteInfo = "hana-qt-ios";
		};
		C16D211C1FD4D49400BBCC3B /* PBXContainerItemProxy */ = {
			isa = PBXContainerItemProxy;
			containerPortal = C16D20F41FD4D49400BBCC3B /* Project object */;
			proxyType = 1;
			remoteGlobalIDString = C16D20FB1FD4D49400BBCC3B;
			remoteInfo = "hana-qt-ios";
		};
/* End PBXContainerItemProxy section */

/* Begin PBXFileReference section */
		06CC3718F7E587651A24EC03 /* Pods-hana-qt-iosUITests.release.xcconfig */ = {isa = PBXFileReference; includeInIndex = 1; lastKnownFileType = text.xcconfig; name = "Pods-hana-qt-iosUITests.release.xcconfig"; path = "Pods/Target Support Files/Pods-hana-qt-iosUITests/Pods-hana-qt-iosUITests.release.xcconfig"; sourceTree = "<group>"; };
		3150BD27E6301386F4296BFC /* Pods-hana-qt-iosTests.release.xcconfig */ = {isa = PBXFileReference; includeInIndex = 1; lastKnownFileType = text.xcconfig; name = "Pods-hana-qt-iosTests.release.xcconfig"; path = "Pods/Target Support Files/Pods-hana-qt-iosTests/Pods-hana-qt-iosTests.release.xcconfig"; sourceTree = "<group>"; };
		33C3F476F689E4BE30A750A5 /* Pods-hana-qt-ios.debug.xcconfig */ = {isa = PBXFileReference; includeInIndex = 1; lastKnownFileType = text.xcconfig; name = "Pods-hana-qt-ios.debug.xcconfig"; path = "Pods/Target Support Files/Pods-hana-qt-ios/Pods-hana-qt-ios.debug.xcconfig"; sourceTree = "<group>"; };
		4194C53AC57B1E74160740A7 /* Pods_hana_qt_iosUITests.framework */ = {isa = PBXFileReference; explicitFileType = wrapper.framework; includeInIndex = 0; path = Pods_hana_qt_iosUITests.framework; sourceTree = BUILT_PRODUCTS_DIR; };
		4D204377DA027DE8D369B1C4 /* Pods-hana-qt-iosUITests.debug.xcconfig */ = {isa = PBXFileReference; includeInIndex = 1; lastKnownFileType = text.xcconfig; name = "Pods-hana-qt-iosUITests.debug.xcconfig"; path = "Pods/Target Support Files/Pods-hana-qt-iosUITests/Pods-hana-qt-iosUITests.debug.xcconfig"; sourceTree = "<group>"; };
		617CC7FA4BD0CFC316D04CAF /* Pods_hana_qt_ios.framework */ = {isa = PBXFileReference; explicitFileType = wrapper.framework; includeInIndex = 0; path = Pods_hana_qt_ios.framework; sourceTree = BUILT_PRODUCTS_DIR; };
		A084244F483CCFE674CF42F2 /* Pods_hana_qt_iosTests.framework */ = {isa = PBXFileReference; explicitFileType = wrapper.framework; includeInIndex = 0; path = Pods_hana_qt_iosTests.framework; sourceTree = BUILT_PRODUCTS_DIR; };
		C16D20FC1FD4D49400BBCC3B /* hana-qt-ios.app */ = {isa = PBXFileReference; explicitFileType = wrapper.application; includeInIndex = 0; path = "hana-qt-ios.app"; sourceTree = BUILT_PRODUCTS_DIR; };
		C16D20FF1FD4D49400BBCC3B /* AppDelegate.swift */ = {isa = PBXFileReference; lastKnownFileType = sourcecode.swift; path = AppDelegate.swift; sourceTree = "<group>"; };
		C16D21011FD4D49400BBCC3B /* ViewController.swift */ = {isa = PBXFileReference; lastKnownFileType = sourcecode.swift; path = ViewController.swift; sourceTree = "<group>"; };
		C16D21041FD4D49400BBCC3B /* Base */ = {isa = PBXFileReference; lastKnownFileType = file.storyboard; name = Base; path = Base.lproj/Main.storyboard; sourceTree = "<group>"; };
		C16D21061FD4D49400BBCC3B /* Assets.xcassets */ = {isa = PBXFileReference; lastKnownFileType = folder.assetcatalog; path = Assets.xcassets; sourceTree = "<group>"; };
		C16D21091FD4D49400BBCC3B /* Base */ = {isa = PBXFileReference; lastKnownFileType = file.storyboard; name = Base; path = Base.lproj/LaunchScreen.storyboard; sourceTree = "<group>"; };
		C16D210B1FD4D49400BBCC3B /* Info.plist */ = {isa = PBXFileReference; lastKnownFileType = text.plist.xml; path = Info.plist; sourceTree = "<group>"; };
		C16D21101FD4D49400BBCC3B /* hana-qt-iosTests.xctest */ = {isa = PBXFileReference; explicitFileType = wrapper.cfbundle; includeInIndex = 0; path = "hana-qt-iosTests.xctest"; sourceTree = BUILT_PRODUCTS_DIR; };
		C16D21141FD4D49400BBCC3B /* hana_qt_iosTests.swift */ = {isa = PBXFileReference; lastKnownFileType = sourcecode.swift; path = hana_qt_iosTests.swift; sourceTree = "<group>"; };
		C16D21161FD4D49400BBCC3B /* Info.plist */ = {isa = PBXFileReference; lastKnownFileType = text.plist.xml; path = Info.plist; sourceTree = "<group>"; };
		C16D211B1FD4D49400BBCC3B /* hana-qt-iosUITests.xctest */ = {isa = PBXFileReference; explicitFileType = wrapper.cfbundle; includeInIndex = 0; path = "hana-qt-iosUITests.xctest"; sourceTree = BUILT_PRODUCTS_DIR; };
		C16D211F1FD4D49400BBCC3B /* hana_qt_iosUITests.swift */ = {isa = PBXFileReference; lastKnownFileType = sourcecode.swift; path = hana_qt_iosUITests.swift; sourceTree = "<group>"; };
		C16D21211FD4D49400BBCC3B /* Info.plist */ = {isa = PBXFileReference; lastKnownFileType = text.plist.xml; path = Info.plist; sourceTree = "<group>"; };
		C1929A531FD4F3B20075B36A /* HanaPagerViewController.swift */ = {isa = PBXFileReference; lastKnownFileType = sourcecode.swift; path = HanaPagerViewController.swift; sourceTree = "<group>"; };
		C1929A561FD50E2E0075B36A /* UIColor+Custom.swift */ = {isa = PBXFileReference; lastKnownFileType = sourcecode.swift; path = "UIColor+Custom.swift"; sourceTree = "<group>"; };
		E0B6B854E87FCE929EE2BCE2 /* Pods-hana-qt-iosTests.debug.xcconfig */ = {isa = PBXFileReference; includeInIndex = 1; lastKnownFileType = text.xcconfig; name = "Pods-hana-qt-iosTests.debug.xcconfig"; path = "Pods/Target Support Files/Pods-hana-qt-iosTests/Pods-hana-qt-iosTests.debug.xcconfig"; sourceTree = "<group>"; };
		EF18E5626EA73AD5831EB66E /* Pods-hana-qt-ios.release.xcconfig */ = {isa = PBXFileReference; includeInIndex = 1; lastKnownFileType = text.xcconfig; name = "Pods-hana-qt-ios.release.xcconfig"; path = "Pods/Target Support Files/Pods-hana-qt-ios/Pods-hana-qt-ios.release.xcconfig"; sourceTree = "<group>"; };
/* End PBXFileReference section */

/* Begin PBXFrameworksBuildPhase section */
		C16D20F91FD4D49400BBCC3B /* Frameworks */ = {
			isa = PBXFrameworksBuildPhase;
			buildActionMask = 2147483647;
			files = (
				76C42B53BC43B17612525D3E /* Pods_hana_qt_ios.framework in Frameworks */,
			);
			runOnlyForDeploymentPostprocessing = 0;
		};
		C16D210D1FD4D49400BBCC3B /* Frameworks */ = {
			isa = PBXFrameworksBuildPhase;
			buildActionMask = 2147483647;
			files = (
				7B5F634C7EC2FA4C00C1A577 /* Pods_hana_qt_iosTests.framework in Frameworks */,
			);
			runOnlyForDeploymentPostprocessing = 0;
		};
		C16D21181FD4D49400BBCC3B /* Frameworks */ = {
			isa = PBXFrameworksBuildPhase;
			buildActionMask = 2147483647;
			files = (
				B84D5302B57BA8C1C28812C8 /* Pods_hana_qt_iosUITests.framework in Frameworks */,
			);
			runOnlyForDeploymentPostprocessing = 0;
		};
/* End PBXFrameworksBuildPhase section */

/* Begin PBXGroup section */
		548FE530F0F6F7D422213DB6 /* Pods */ = {
			isa = PBXGroup;
			children = (
				33C3F476F689E4BE30A750A5 /* Pods-hana-qt-ios.debug.xcconfig */,
				EF18E5626EA73AD5831EB66E /* Pods-hana-qt-ios.release.xcconfig */,
				E0B6B854E87FCE929EE2BCE2 /* Pods-hana-qt-iosTests.debug.xcconfig */,
				3150BD27E6301386F4296BFC /* Pods-hana-qt-iosTests.release.xcconfig */,
				4D204377DA027DE8D369B1C4 /* Pods-hana-qt-iosUITests.debug.xcconfig */,
				06CC3718F7E587651A24EC03 /* Pods-hana-qt-iosUITests.release.xcconfig */,
			);
			name = Pods;
			sourceTree = "<group>";
		};
		6B75FBBC443D2D44CCC6BD80 /* Frameworks */ = {
			isa = PBXGroup;
			children = (
				617CC7FA4BD0CFC316D04CAF /* Pods_hana_qt_ios.framework */,
				A084244F483CCFE674CF42F2 /* Pods_hana_qt_iosTests.framework */,
				4194C53AC57B1E74160740A7 /* Pods_hana_qt_iosUITests.framework */,
			);
			name = Frameworks;
			sourceTree = "<group>";
		};
		C16D20F31FD4D49400BBCC3B = {
			isa = PBXGroup;
			children = (
				C16D20FE1FD4D49400BBCC3B /* hana-qt-ios */,
				C16D21131FD4D49400BBCC3B /* hana-qt-iosTests */,
				C16D211E1FD4D49400BBCC3B /* hana-qt-iosUITests */,
				C16D20FD1FD4D49400BBCC3B /* Products */,
				548FE530F0F6F7D422213DB6 /* Pods */,
				6B75FBBC443D2D44CCC6BD80 /* Frameworks */,
			);
			sourceTree = "<group>";
		};
		C16D20FD1FD4D49400BBCC3B /* Products */ = {
			isa = PBXGroup;
			children = (
				C16D20FC1FD4D49400BBCC3B /* hana-qt-ios.app */,
				C16D21101FD4D49400BBCC3B /* hana-qt-iosTests.xctest */,
				C16D211B1FD4D49400BBCC3B /* hana-qt-iosUITests.xctest */,
			);
			name = Products;
			sourceTree = "<group>";
		};
		C16D20FE1FD4D49400BBCC3B /* hana-qt-ios */ = {
			isa = PBXGroup;
			children = (
				C1929A551FD50E180075B36A /* Util */,
				C16D20FF1FD4D49400BBCC3B /* AppDelegate.swift */,
				C16D21011FD4D49400BBCC3B /* ViewController.swift */,
				C1929A531FD4F3B20075B36A /* HanaPagerViewController.swift */,
				C16D21031FD4D49400BBCC3B /* Main.storyboard */,
				C16D21061FD4D49400BBCC3B /* Assets.xcassets */,
				C16D21081FD4D49400BBCC3B /* LaunchScreen.storyboard */,
				C16D210B1FD4D49400BBCC3B /* Info.plist */,
			);
			path = "hana-qt-ios";
			sourceTree = "<group>";
		};
		C16D21131FD4D49400BBCC3B /* hana-qt-iosTests */ = {
			isa = PBXGroup;
			children = (
				C16D21141FD4D49400BBCC3B /* hana_qt_iosTests.swift */,
				C16D21161FD4D49400BBCC3B /* Info.plist */,
			);
			path = "hana-qt-iosTests";
			sourceTree = "<group>";
		};
		C16D211E1FD4D49400BBCC3B /* hana-qt-iosUITests */ = {
			isa = PBXGroup;
			children = (
				C16D211F1FD4D49400BBCC3B /* hana_qt_iosUITests.swift */,
				C16D21211FD4D49400BBCC3B /* Info.plist */,
			);
			path = "hana-qt-iosUITests";
			sourceTree = "<group>";
		};
		C1929A551FD50E180075B36A /* Util */ = {
			isa = PBXGroup;
			children = (
				C1929A561FD50E2E0075B36A /* UIColor+Custom.swift */,
			);
			path = Util;
			sourceTree = "<group>";
		};
/* End PBXGroup section */

/* Begin PBXNativeTarget section */
		C16D20FB1FD4D49400BBCC3B /* hana-qt-ios */ = {
			isa = PBXNativeTarget;
			buildConfigurationList = C16D21241FD4D49400BBCC3B /* Build configuration list for PBXNativeTarget "hana-qt-ios" */;
			buildPhases = (
				545E57F03D0F6F39E6D97A52 /* [CP] Check Pods Manifest.lock */,
				C16D20F81FD4D49400BBCC3B /* Sources */,
				C16D20F91FD4D49400BBCC3B /* Frameworks */,
				C16D20FA1FD4D49400BBCC3B /* Resources */,
				A9E1B85114BE976AB9E90894 /* [CP] Embed Pods Frameworks */,
				0BE266D1F6C808DB728E08B7 /* [CP] Copy Pods Resources */,
			);
			buildRules = (
			);
			dependencies = (
			);
			name = "hana-qt-ios";
			productName = "hana-qt-ios";
			productReference = C16D20FC1FD4D49400BBCC3B /* hana-qt-ios.app */;
			productType = "com.apple.product-type.application";
		};
		C16D210F1FD4D49400BBCC3B /* hana-qt-iosTests */ = {
			isa = PBXNativeTarget;
			buildConfigurationList = C16D21271FD4D49400BBCC3B /* Build configuration list for PBXNativeTarget "hana-qt-iosTests" */;
			buildPhases = (
				D28A8AA5BA77B2670B7D7445 /* [CP] Check Pods Manifest.lock */,
				C16D210C1FD4D49400BBCC3B /* Sources */,
				C16D210D1FD4D49400BBCC3B /* Frameworks */,
				C16D210E1FD4D49400BBCC3B /* Resources */,
				7398520D215E4BDFDEFA1139 /* [CP] Embed Pods Frameworks */,
				49F3653228396A600C4382EE /* [CP] Copy Pods Resources */,
			);
			buildRules = (
			);
			dependencies = (
				C16D21121FD4D49400BBCC3B /* PBXTargetDependency */,
			);
			name = "hana-qt-iosTests";
			productName = "hana-qt-iosTests";
			productReference = C16D21101FD4D49400BBCC3B /* hana-qt-iosTests.xctest */;
			productType = "com.apple.product-type.bundle.unit-test";
		};
		C16D211A1FD4D49400BBCC3B /* hana-qt-iosUITests */ = {
			isa = PBXNativeTarget;
			buildConfigurationList = C16D212A1FD4D49400BBCC3B /* Build configuration list for PBXNativeTarget "hana-qt-iosUITests" */;
			buildPhases = (
				B31FA689FF57E0C0AB819E34 /* [CP] Check Pods Manifest.lock */,
				C16D21171FD4D49400BBCC3B /* Sources */,
				C16D21181FD4D49400BBCC3B /* Frameworks */,
				C16D21191FD4D49400BBCC3B /* Resources */,
				3BD14FFAB70614E26A467437 /* [CP] Embed Pods Frameworks */,
				C736C501D29D95B55806F236 /* [CP] Copy Pods Resources */,
			);
			buildRules = (
			);
			dependencies = (
				C16D211D1FD4D49400BBCC3B /* PBXTargetDependency */,
			);
			name = "hana-qt-iosUITests";
			productName = "hana-qt-iosUITests";
			productReference = C16D211B1FD4D49400BBCC3B /* hana-qt-iosUITests.xctest */;
			productType = "com.apple.product-type.bundle.ui-testing";
		};
/* End PBXNativeTarget section */

/* Begin PBXProject section */
		C16D20F41FD4D49400BBCC3B /* Project object */ = {
			isa = PBXProject;
			attributes = {
				LastSwiftUpdateCheck = 0910;
				LastUpgradeCheck = 0910;
				ORGANIZATIONNAME = "홍성호";
				TargetAttributes = {
					C16D20FB1FD4D49400BBCC3B = {
						CreatedOnToolsVersion = 9.1;
						ProvisioningStyle = Automatic;
					};
					C16D210F1FD4D49400BBCC3B = {
						CreatedOnToolsVersion = 9.1;
						ProvisioningStyle = Automatic;
						TestTargetID = C16D20FB1FD4D49400BBCC3B;
					};
					C16D211A1FD4D49400BBCC3B = {
						CreatedOnToolsVersion = 9.1;
						ProvisioningStyle = Automatic;
						TestTargetID = C16D20FB1FD4D49400BBCC3B;
					};
				};
			};
			buildConfigurationList = C16D20F71FD4D49400BBCC3B /* Build configuration list for PBXProject "hana-qt-ios" */;
			compatibilityVersion = "Xcode 8.0";
			developmentRegion = en;
			hasScannedForEncodings = 0;
			knownRegions = (
				en,
				Base,
			);
			mainGroup = C16D20F31FD4D49400BBCC3B;
			productRefGroup = C16D20FD1FD4D49400BBCC3B /* Products */;
			projectDirPath = "";
			projectRoot = "";
			targets = (
				C16D20FB1FD4D49400BBCC3B /* hana-qt-ios */,
				C16D210F1FD4D49400BBCC3B /* hana-qt-iosTests */,
				C16D211A1FD4D49400BBCC3B /* hana-qt-iosUITests */,
			);
		};
/* End PBXProject section */

/* Begin PBXResourcesBuildPhase section */
		C16D20FA1FD4D49400BBCC3B /* Resources */ = {
			isa = PBXResourcesBuildPhase;
			buildActionMask = 2147483647;
			files = (
				C16D210A1FD4D49400BBCC3B /* LaunchScreen.storyboard in Resources */,
				C16D21071FD4D49400BBCC3B /* Assets.xcassets in Resources */,
				C16D21051FD4D49400BBCC3B /* Main.storyboard in Resources */,
			);
			runOnlyForDeploymentPostprocessing = 0;
		};
		C16D210E1FD4D49400BBCC3B /* Resources */ = {
			isa = PBXResourcesBuildPhase;
			buildActionMask = 2147483647;
			files = (
			);
			runOnlyForDeploymentPostprocessing = 0;
		};
		C16D21191FD4D49400BBCC3B /* Resources */ = {
			isa = PBXResourcesBuildPhase;
			buildActionMask = 2147483647;
			files = (
			);
			runOnlyForDeploymentPostprocessing = 0;
		};
/* End PBXResourcesBuildPhase section */

/* Begin PBXShellScriptBuildPhase section */
		0BE266D1F6C808DB728E08B7 /* [CP] Copy Pods Resources */ = {
			isa = PBXShellScriptBuildPhase;
			buildActionMask = 2147483647;
			files = (
			);
			inputPaths = (
			);
			name = "[CP] Copy Pods Resources";
			outputPaths = (
			);
			runOnlyForDeploymentPostprocessing = 0;
			shellPath = /bin/sh;
			shellScript = "\"${SRCROOT}/Pods/Target Support Files/Pods-hana-qt-ios/Pods-hana-qt-ios-resources.sh\"\n";
			showEnvVarsInLog = 0;
		};
		3BD14FFAB70614E26A467437 /* [CP] Embed Pods Frameworks */ = {
			isa = PBXShellScriptBuildPhase;
			buildActionMask = 2147483647;
			files = (
			);
			inputPaths = (
			);
			name = "[CP] Embed Pods Frameworks";
			outputPaths = (
			);
			runOnlyForDeploymentPostprocessing = 0;
			shellPath = /bin/sh;
			shellScript = "\"${SRCROOT}/Pods/Target Support Files/Pods-hana-qt-iosUITests/Pods-hana-qt-iosUITests-frameworks.sh\"\n";
			showEnvVarsInLog = 0;
		};
		49F3653228396A600C4382EE /* [CP] Copy Pods Resources */ = {
			isa = PBXShellScriptBuildPhase;
			buildActionMask = 2147483647;
			files = (
			);
			inputPaths = (
			);
			name = "[CP] Copy Pods Resources";
			outputPaths = (
			);
			runOnlyForDeploymentPostprocessing = 0;
			shellPath = /bin/sh;
			shellScript = "\"${SRCROOT}/Pods/Target Support Files/Pods-hana-qt-iosTests/Pods-hana-qt-iosTests-resources.sh\"\n";
			showEnvVarsInLog = 0;
		};
		545E57F03D0F6F39E6D97A52 /* [CP] Check Pods Manifest.lock */ = {
			isa = PBXShellScriptBuildPhase;
			buildActionMask = 2147483647;
			files = (
			);
			inputPaths = (
			);
			name = "[CP] Check Pods Manifest.lock";
			outputPaths = (
			);
			runOnlyForDeploymentPostprocessing = 0;
			shellPath = /bin/sh;
			shellScript = "diff \"${PODS_PODFILE_DIR_PATH}/Podfile.lock\" \"${PODS_ROOT}/Manifest.lock\" > /dev/null\nif [ $? != 0 ] ; then\n    # print error to STDERR\n    echo \"error: The sandbox is not in sync with the Podfile.lock. Run 'pod install' or update your CocoaPods installation.\" >&2\n    exit 1\nfi\n";
			showEnvVarsInLog = 0;
		};
		7398520D215E4BDFDEFA1139 /* [CP] Embed Pods Frameworks */ = {
			isa = PBXShellScriptBuildPhase;
			buildActionMask = 2147483647;
			files = (
			);
			inputPaths = (
			);
			name = "[CP] Embed Pods Frameworks";
			outputPaths = (
			);
			runOnlyForDeploymentPostprocessing = 0;
			shellPath = /bin/sh;
			shellScript = "\"${SRCROOT}/Pods/Target Support Files/Pods-hana-qt-iosTests/Pods-hana-qt-iosTests-frameworks.sh\"\n";
			showEnvVarsInLog = 0;
		};
		A9E1B85114BE976AB9E90894 /* [CP] Embed Pods Frameworks */ = {
			isa = PBXShellScriptBuildPhase;
			buildActionMask = 2147483647;
			files = (
			);
			inputPaths = (
			);
			name = "[CP] Embed Pods Frameworks";
			outputPaths = (
			);
			runOnlyForDeploymentPostprocessing = 0;
			shellPath = /bin/sh;
			shellScript = "\"${SRCROOT}/Pods/Target Support Files/Pods-hana-qt-ios/Pods-hana-qt-ios-frameworks.sh\"\n";
			showEnvVarsInLog = 0;
		};
		B31FA689FF57E0C0AB819E34 /* [CP] Check Pods Manifest.lock */ = {
			isa = PBXShellScriptBuildPhase;
			buildActionMask = 2147483647;
			files = (
			);
			inputPaths = (
			);
			name = "[CP] Check Pods Manifest.lock";
			outputPaths = (
			);
			runOnlyForDeploymentPostprocessing = 0;
			shellPath = /bin/sh;
			shellScript = "diff \"${PODS_PODFILE_DIR_PATH}/Podfile.lock\" \"${PODS_ROOT}/Manifest.lock\" > /dev/null\nif [ $? != 0 ] ; then\n    # print error to STDERR\n    echo \"error: The sandbox is not in sync with the Podfile.lock. Run 'pod install' or update your CocoaPods installation.\" >&2\n    exit 1\nfi\n";
			showEnvVarsInLog = 0;
		};
		C736C501D29D95B55806F236 /* [CP] Copy Pods Resources */ = {
			isa = PBXShellScriptBuildPhase;
			buildActionMask = 2147483647;
			files = (
			);
			inputPaths = (
			);
			name = "[CP] Copy Pods Resources";
			outputPaths = (
			);
			runOnlyForDeploymentPostprocessing = 0;
			shellPath = /bin/sh;
			shellScript = "\"${SRCROOT}/Pods/Target Support Files/Pods-hana-qt-iosUITests/Pods-hana-qt-iosUITests-resources.sh\"\n";
			showEnvVarsInLog = 0;
		};
		D28A8AA5BA77B2670B7D7445 /* [CP] Check Pods Manifest.lock */ = {
			isa = PBXShellScriptBuildPhase;
			buildActionMask = 2147483647;
			files = (
			);
			inputPaths = (
			);
			name = "[CP] Check Pods Manifest.lock";
			outputPaths = (
			);
			runOnlyForDeploymentPostprocessing = 0;
			shellPath = /bin/sh;
			shellScript = "diff \"${PODS_PODFILE_DIR_PATH}/Podfile.lock\" \"${PODS_ROOT}/Manifest.lock\" > /dev/null\nif [ $? != 0 ] ; then\n    # print error to STDERR\n    echo \"error: The sandbox is not in sync with the Podfile.lock. Run 'pod install' or update your CocoaPods installation.\" >&2\n    exit 1\nfi\n";
			showEnvVarsInLog = 0;
		};
/* End PBXShellScriptBuildPhase section */

/* Begin PBXSourcesBuildPhase section */
		C16D20F81FD4D49400BBCC3B /* Sources */ = {
			isa = PBXSourcesBuildPhase;
			buildActionMask = 2147483647;
			files = (
				C16D21021FD4D49400BBCC3B /* ViewController.swift in Sources */,
				C1929A541FD4F3B20075B36A /* HanaPagerViewController.swift in Sources */,
				C1929A571FD50E2E0075B36A /* UIColor+Custom.swift in Sources */,
				C16D21001FD4D49400BBCC3B /* AppDelegate.swift in Sources */,
			);
			runOnlyForDeploymentPostprocessing = 0;
		};
		C16D210C1FD4D49400BBCC3B /* Sources */ = {
			isa = PBXSourcesBuildPhase;
			buildActionMask = 2147483647;
			files = (
				C16D21151FD4D49400BBCC3B /* hana_qt_iosTests.swift in Sources */,
			);
			runOnlyForDeploymentPostprocessing = 0;
		};
		C16D21171FD4D49400BBCC3B /* Sources */ = {
			isa = PBXSourcesBuildPhase;
			buildActionMask = 2147483647;
			files = (
				C16D21201FD4D49400BBCC3B /* hana_qt_iosUITests.swift in Sources */,
			);
			runOnlyForDeploymentPostprocessing = 0;
		};
/* End PBXSourcesBuildPhase section */

/* Begin PBXTargetDependency section */
		C16D21121FD4D49400BBCC3B /* PBXTargetDependency */ = {
			isa = PBXTargetDependency;
			target = C16D20FB1FD4D49400BBCC3B /* hana-qt-ios */;
			targetProxy = C16D21111FD4D49400BBCC3B /* PBXContainerItemProxy */;
		};
		C16D211D1FD4D49400BBCC3B /* PBXTargetDependency */ = {
			isa = PBXTargetDependency;
			target = C16D20FB1FD4D49400BBCC3B /* hana-qt-ios */;
			targetProxy = C16D211C1FD4D49400BBCC3B /* PBXContainerItemProxy */;
		};
/* End PBXTargetDependency section */

/* Begin PBXVariantGroup section */
		C16D21031FD4D49400BBCC3B /* Main.storyboard */ = {
			isa = PBXVariantGroup;
			children = (
				C16D21041FD4D49400BBCC3B /* Base */,
			);
			name = Main.storyboard;
			sourceTree = "<group>";
		};
		C16D21081FD4D49400BBCC3B /* LaunchScreen.storyboard */ = {
			isa = PBXVariantGroup;
			children = (
				C16D21091FD4D49400BBCC3B /* Base */,
			);
			name = LaunchScreen.storyboard;
			sourceTree = "<group>";
		};
/* End PBXVariantGroup section */

/* Begin XCBuildConfiguration section */
		C16D21221FD4D49400BBCC3B /* Debug */ = {
			isa = XCBuildConfiguration;
			buildSettings = {
				ALWAYS_SEARCH_USER_PATHS = NO;
				CLANG_ANALYZER_NONNULL = YES;
				CLANG_ANALYZER_NUMBER_OBJECT_CONVERSION = YES_AGGRESSIVE;
				CLANG_CXX_LANGUAGE_STANDARD = "gnu++14";
				CLANG_CXX_LIBRARY = "libc++";
				CLANG_ENABLE_MODULES = YES;
				CLANG_ENABLE_OBJC_ARC = YES;
				CLANG_WARN_BLOCK_CAPTURE_AUTORELEASING = YES;
				CLANG_WARN_BOOL_CONVERSION = YES;
				CLANG_WARN_COMMA = YES;
				CLANG_WARN_CONSTANT_CONVERSION = YES;
				CLANG_WARN_DIRECT_OBJC_ISA_USAGE = YES_ERROR;
				CLANG_WARN_DOCUMENTATION_COMMENTS = YES;
				CLANG_WARN_EMPTY_BODY = YES;
				CLANG_WARN_ENUM_CONVERSION = YES;
				CLANG_WARN_INFINITE_RECURSION = YES;
				CLANG_WARN_INT_CONVERSION = YES;
				CLANG_WARN_NON_LITERAL_NULL_CONVERSION = YES;
				CLANG_WARN_OBJC_LITERAL_CONVERSION = YES;
				CLANG_WARN_OBJC_ROOT_CLASS = YES_ERROR;
				CLANG_WARN_RANGE_LOOP_ANALYSIS = YES;
				CLANG_WARN_STRICT_PROTOTYPES = YES;
				CLANG_WARN_SUSPICIOUS_MOVE = YES;
				CLANG_WARN_UNGUARDED_AVAILABILITY = YES_AGGRESSIVE;
				CLANG_WARN_UNREACHABLE_CODE = YES;
				CLANG_WARN__DUPLICATE_METHOD_MATCH = YES;
				CODE_SIGN_IDENTITY = "iPhone Developer";
				COPY_PHASE_STRIP = NO;
				DEBUG_INFORMATION_FORMAT = dwarf;
				ENABLE_STRICT_OBJC_MSGSEND = YES;
				ENABLE_TESTABILITY = YES;
				GCC_C_LANGUAGE_STANDARD = gnu11;
				GCC_DYNAMIC_NO_PIC = NO;
				GCC_NO_COMMON_BLOCKS = YES;
				GCC_OPTIMIZATION_LEVEL = 0;
				GCC_PREPROCESSOR_DEFINITIONS = (
					"DEBUG=1",
					"$(inherited)",
				);
				GCC_WARN_64_TO_32_BIT_CONVERSION = YES;
				GCC_WARN_ABOUT_RETURN_TYPE = YES_ERROR;
				GCC_WARN_UNDECLARED_SELECTOR = YES;
				GCC_WARN_UNINITIALIZED_AUTOS = YES_AGGRESSIVE;
				GCC_WARN_UNUSED_FUNCTION = YES;
				GCC_WARN_UNUSED_VARIABLE = YES;
				IPHONEOS_DEPLOYMENT_TARGET = 11.1;
				MTL_ENABLE_DEBUG_INFO = YES;
				ONLY_ACTIVE_ARCH = YES;
				SDKROOT = iphoneos;
				SWIFT_ACTIVE_COMPILATION_CONDITIONS = DEBUG;
				SWIFT_OPTIMIZATION_LEVEL = "-Onone";
			};
			name = Debug;
		};
		C16D21231FD4D49400BBCC3B /* Release */ = {
			isa = XCBuildConfiguration;
			buildSettings = {
				ALWAYS_SEARCH_USER_PATHS = NO;
				CLANG_ANALYZER_NONNULL = YES;
				CLANG_ANALYZER_NUMBER_OBJECT_CONVERSION = YES_AGGRESSIVE;
				CLANG_CXX_LANGUAGE_STANDARD = "gnu++14";
				CLANG_CXX_LIBRARY = "libc++";
				CLANG_ENABLE_MODULES = YES;
				CLANG_ENABLE_OBJC_ARC = YES;
				CLANG_WARN_BLOCK_CAPTURE_AUTORELEASING = YES;
				CLANG_WARN_BOOL_CONVERSION = YES;
				CLANG_WARN_COMMA = YES;
				CLANG_WARN_CONSTANT_CONVERSION = YES;
				CLANG_WARN_DIRECT_OBJC_ISA_USAGE = YES_ERROR;
				CLANG_WARN_DOCUMENTATION_COMMENTS = YES;
				CLANG_WARN_EMPTY_BODY = YES;
				CLANG_WARN_ENUM_CONVERSION = YES;
				CLANG_WARN_INFINITE_RECURSION = YES;
				CLANG_WARN_INT_CONVERSION = YES;
				CLANG_WARN_NON_LITERAL_NULL_CONVERSION = YES;
				CLANG_WARN_OBJC_LITERAL_CONVERSION = YES;
				CLANG_WARN_OBJC_ROOT_CLASS = YES_ERROR;
				CLANG_WARN_RANGE_LOOP_ANALYSIS = YES;
				CLANG_WARN_STRICT_PROTOTYPES = YES;
				CLANG_WARN_SUSPICIOUS_MOVE = YES;
				CLANG_WARN_UNGUARDED_AVAILABILITY = YES_AGGRESSIVE;
				CLANG_WARN_UNREACHABLE_CODE = YES;
				CLANG_WARN__DUPLICATE_METHOD_MATCH = YES;
				CODE_SIGN_IDENTITY = "iPhone Developer";
				COPY_PHASE_STRIP = NO;
				DEBUG_INFORMATION_FORMAT = "dwarf-with-dsym";
				ENABLE_NS_ASSERTIONS = NO;
				ENABLE_STRICT_OBJC_MSGSEND = YES;
				GCC_C_LANGUAGE_STANDARD = gnu11;
				GCC_NO_COMMON_BLOCKS = YES;
				GCC_WARN_64_TO_32_BIT_CONVERSION = YES;
				GCC_WARN_ABOUT_RETURN_TYPE = YES_ERROR;
				GCC_WARN_UNDECLARED_SELECTOR = YES;
				GCC_WARN_UNINITIALIZED_AUTOS = YES_AGGRESSIVE;
				GCC_WARN_UNUSED_FUNCTION = YES;
				GCC_WARN_UNUSED_VARIABLE = YES;
				IPHONEOS_DEPLOYMENT_TARGET = 11.1;
				MTL_ENABLE_DEBUG_INFO = NO;
				SDKROOT = iphoneos;
				SWIFT_OPTIMIZATION_LEVEL = "-Owholemodule";
				VALIDATE_PRODUCT = YES;
			};
			name = Release;
		};
		C16D21251FD4D49400BBCC3B /* Debug */ = {
			isa = XCBuildConfiguration;
			baseConfigurationReference = 33C3F476F689E4BE30A750A5 /* Pods-hana-qt-ios.debug.xcconfig */;
			buildSettings = {
				ASSETCATALOG_COMPILER_APPICON_NAME = AppIcon;
				CODE_SIGN_STYLE = Automatic;
				DEVELOPMENT_TEAM = T5T6697UB7;
				INFOPLIST_FILE = "hana-qt-ios/Info.plist";
				LD_RUNPATH_SEARCH_PATHS = "$(inherited) @executable_path/Frameworks";
				PRODUCT_BUNDLE_IDENTIFIER = "com.softhong.hana-qt-ios";
				PRODUCT_NAME = "$(TARGET_NAME)";
				SWIFT_VERSION = 4.0;
				TARGETED_DEVICE_FAMILY = "1,2";
			};
			name = Debug;
		};
		C16D21261FD4D49400BBCC3B /* Release */ = {
			isa = XCBuildConfiguration;
			baseConfigurationReference = EF18E5626EA73AD5831EB66E /* Pods-hana-qt-ios.release.xcconfig */;
			buildSettings = {
				ASSETCATALOG_COMPILER_APPICON_NAME = AppIcon;
				CODE_SIGN_STYLE = Automatic;
				DEVELOPMENT_TEAM = T5T6697UB7;
				INFOPLIST_FILE = "hana-qt-ios/Info.plist";
				LD_RUNPATH_SEARCH_PATHS = "$(inherited) @executable_path/Frameworks";
				PRODUCT_BUNDLE_IDENTIFIER = "com.softhong.hana-qt-ios";
				PRODUCT_NAME = "$(TARGET_NAME)";
				SWIFT_VERSION = 4.0;
				TARGETED_DEVICE_FAMILY = "1,2";
			};
			name = Release;
		};
		C16D21281FD4D49400BBCC3B /* Debug */ = {
			isa = XCBuildConfiguration;
			baseConfigurationReference = E0B6B854E87FCE929EE2BCE2 /* Pods-hana-qt-iosTests.debug.xcconfig */;
			buildSettings = {
				ALWAYS_EMBED_SWIFT_STANDARD_LIBRARIES = YES;
				BUNDLE_LOADER = "$(TEST_HOST)";
				CODE_SIGN_STYLE = Automatic;
				DEVELOPMENT_TEAM = T5T6697UB7;
				INFOPLIST_FILE = "hana-qt-iosTests/Info.plist";
				LD_RUNPATH_SEARCH_PATHS = "$(inherited) @executable_path/Frameworks @loader_path/Frameworks";
				PRODUCT_BUNDLE_IDENTIFIER = "com.softhong.hana-qt-iosTests";
				PRODUCT_NAME = "$(TARGET_NAME)";
				SWIFT_VERSION = 4.0;
				TARGETED_DEVICE_FAMILY = "1,2";
				TEST_HOST = "$(BUILT_PRODUCTS_DIR)/hana-qt-ios.app/hana-qt-ios";
			};
			name = Debug;
		};
		C16D21291FD4D49400BBCC3B /* Release */ = {
			isa = XCBuildConfiguration;
			baseConfigurationReference = 3150BD27E6301386F4296BFC /* Pods-hana-qt-iosTests.release.xcconfig */;
			buildSettings = {
				ALWAYS_EMBED_SWIFT_STANDARD_LIBRARIES = YES;
				BUNDLE_LOADER = "$(TEST_HOST)";
				CODE_SIGN_STYLE = Automatic;
				DEVELOPMENT_TEAM = T5T6697UB7;
				INFOPLIST_FILE = "hana-qt-iosTests/Info.plist";
				LD_RUNPATH_SEARCH_PATHS = "$(inherited) @executable_path/Frameworks @loader_path/Frameworks";
				PRODUCT_BUNDLE_IDENTIFIER = "com.softhong.hana-qt-iosTests";
				PRODUCT_NAME = "$(TARGET_NAME)";
				SWIFT_VERSION = 4.0;
				TARGETED_DEVICE_FAMILY = "1,2";
				TEST_HOST = "$(BUILT_PRODUCTS_DIR)/hana-qt-ios.app/hana-qt-ios";
			};
			name = Release;
		};
		C16D212B1FD4D49400BBCC3B /* Debug */ = {
			isa = XCBuildConfiguration;
			baseConfigurationReference = 4D204377DA027DE8D369B1C4 /* Pods-hana-qt-iosUITests.debug.xcconfig */;
			buildSettings = {
				ALWAYS_EMBED_SWIFT_STANDARD_LIBRARIES = YES;
				CODE_SIGN_STYLE = Automatic;
				DEVELOPMENT_TEAM = T5T6697UB7;
				INFOPLIST_FILE = "hana-qt-iosUITests/Info.plist";
				LD_RUNPATH_SEARCH_PATHS = "$(inherited) @executable_path/Frameworks @loader_path/Frameworks";
				PRODUCT_BUNDLE_IDENTIFIER = "com.softhong.hana-qt-iosUITests";
				PRODUCT_NAME = "$(TARGET_NAME)";
				SWIFT_VERSION = 4.0;
				TARGETED_DEVICE_FAMILY = "1,2";
				TEST_TARGET_NAME = "hana-qt-ios";
			};
			name = Debug;
		};
		C16D212C1FD4D49400BBCC3B /* Release */ = {
			isa = XCBuildConfiguration;
			baseConfigurationReference = 06CC3718F7E587651A24EC03 /* Pods-hana-qt-iosUITests.release.xcconfig */;
			buildSettings = {
				ALWAYS_EMBED_SWIFT_STANDARD_LIBRARIES = YES;
				CODE_SIGN_STYLE = Automatic;
				DEVELOPMENT_TEAM = T5T6697UB7;
				INFOPLIST_FILE = "hana-qt-iosUITests/Info.plist";
				LD_RUNPATH_SEARCH_PATHS = "$(inherited) @executable_path/Frameworks @loader_path/Frameworks";
				PRODUCT_BUNDLE_IDENTIFIER = "com.softhong.hana-qt-iosUITests";
				PRODUCT_NAME = "$(TARGET_NAME)";
				SWIFT_VERSION = 4.0;
				TARGETED_DEVICE_FAMILY = "1,2";
				TEST_TARGET_NAME = "hana-qt-ios";
			};
			name = Release;
		};
/* End XCBuildConfiguration section */

/* Begin XCConfigurationList section */
		C16D20F71FD4D49400BBCC3B /* Build configuration list for PBXProject "hana-qt-ios" */ = {
			isa = XCConfigurationList;
			buildConfigurations = (
				C16D21221FD4D49400BBCC3B /* Debug */,
				C16D21231FD4D49400BBCC3B /* Release */,
			);
			defaultConfigurationIsVisible = 0;
			defaultConfigurationName = Release;
		};
		C16D21241FD4D49400BBCC3B /* Build configuration list for PBXNativeTarget "hana-qt-ios" */ = {
			isa = XCConfigurationList;
			buildConfigurations = (
				C16D21251FD4D49400BBCC3B /* Debug */,
				C16D21261FD4D49400BBCC3B /* Release */,
			);
			defaultConfigurationIsVisible = 0;
			defaultConfigurationName = Release;
		};
		C16D21271FD4D49400BBCC3B /* Build configuration list for PBXNativeTarget "hana-qt-iosTests" */ = {
			isa = XCConfigurationList;
			buildConfigurations = (
				C16D21281FD4D49400BBCC3B /* Debug */,
				C16D21291FD4D49400BBCC3B /* Release */,
			);
			defaultConfigurationIsVisible = 0;
			defaultConfigurationName = Release;
		};
		C16D212A1FD4D49400BBCC3B /* Build configuration list for PBXNativeTarget "hana-qt-iosUITests" */ = {
			isa = XCConfigurationList;
			buildConfigurations = (
				C16D212B1FD4D49400BBCC3B /* Debug */,
				C16D212C1FD4D49400BBCC3B /* Release */,
			);
			defaultConfigurationIsVisible = 0;
			defaultConfigurationName = Release;
		};
/* End XCConfigurationList section */
	};
	rootObject = C16D20F41FD4D49400BBCC3B /* Project object */;
}
